uuid: 27d9afa0-babf-4762-9d07-e077e4e1600e
langcode: fr
status: true
dependencies:
  content:
    - 'block_content:basic:275007ff-870e-4654-b141-8e1abaa1ca8f'
  module:
    - block_content
    - block_visibility_groups
  theme:
    - ive
id: iveregionwithblock
theme: ive
region: content_ive
weight: 0
provider: null
plugin: 'block_content:275007ff-870e-4654-b141-8e1abaa1ca8f'
settings:
  id: 'block_content:275007ff-870e-4654-b141-8e1abaa1ca8f'
  label: 'ive region with block'
  provider: block_content
  label_display: visible
  status: true
  info: ''
  view_mode: full
visibility:
  condition_group:
    id: condition_group
    negate: false
    block_visibility_group: ''
    context_mapping: {  }
